
Microsoft Visual Studio Solution File, Format Version 12.00
# Visual Studio 15
VisualStudioVersion = 15.0.27130.2027
MinimumVisualStudioVersion = 10.0.40219.1
Project("{8BC9CEB8-8B4A-11D0-8D11-00A0C91BC942}") = "CudaTest", "CudaTest\CudaTest.vcxproj", "{E8AC9435-61D1-4ACA-8AB8-64C3C6F8B1F2}"
EndProject
Project("{8BC9CEB8-8B4A-11D0-8D11-00A0C91BC942}") = "RBMCPU", "RBMCPU\RBMCPU.vcxproj", "{C75680F4-0714-450D-B596-E39A529262AA}"
EndProject
Global
	GlobalSection(SolutionConfigurationPlatforms) = preSolution
		Debug|x64 = Debug|x64
		Debug|x86 = Debug|x86
		Release|x64 = Release|x64
		Release|x86 = Release|x86
	EndGlobalSection
	GlobalSection(ProjectConfigurationPlatforms) = postSolution
		{E8AC9435-61D1-4ACA-8AB8-64C3C6F8B1F2}.Debug|x64.ActiveCfg = Debug|x64
		{E8AC9435-61D1-4ACA-8AB8-64C3C6F8B1F2}.Debug|x64.Build.0 = Debug|x64
		{E8AC9435-61D1-4ACA-8AB8-64C3C6F8B1F2}.Debug|x86.ActiveCfg = Debug|x64
		{E8AC9435-61D1-4ACA-8AB8-64C3C6F8B1F2}.Release|x64.ActiveCfg = Release|x64
		{E8AC9435-61D1-4ACA-8AB8-64C3C6F8B1F2}.Release|x64.Build.0 = Release|x64
		{E8AC9435-61D1-4ACA-8AB8-64C3C6F8B1F2}.Release|x86.ActiveCfg = Release|x64
		{C75680F4-0714-450D-B596-E39A529262AA}.Debug|x64.ActiveCfg = Debug|x64
		{C75680F4-0714-450D-B596-E39A529262AA}.Debug|x64.Build.0 = Debug|x64
		{C75680F4-0714-450D-B596-E39A529262AA}.Debug|x86.ActiveCfg = Debug|Win32
		{C75680F4-0714-450D-B596-E39A529262AA}.Debug|x86.Build.0 = Debug|Win32
		{C75680F4-0714-450D-B596-E39A529262AA}.Release|x64.ActiveCfg = Release|x64
		{C75680F4-0714-450D-B596-E39A529262AA}.Release|x64.Build.0 = Release|x64
		{C75680F4-0714-450D-B596-E39A529262AA}.Release|x86.ActiveCfg = Release|Win32
		{C75680F4-0714-450D-B596-E39A529262AA}.Release|x86.Build.0 = Release|Win32
	EndGlobalSection
	GlobalSection(SolutionProperties) = preSolution
		HideSolutionNode = FALSE
	EndGlobalSection
	GlobalSection(ExtensibilityGlobals) = postSolution
		SolutionGuid = {34191330-A40C-4FF1-A81F-E046F37E78D3}
	EndGlobalSection
EndGlobal
