<?xml version="1.0" encoding="utf-8"?>
<Project ToolsVersion="4.0" xmlns="http://schemas.microsoft.com/developer/msbuild/2003">
  <ItemGroup>
    <Filter Include="Source Files">
      <UniqueIdentifier>{4FC737F1-C7A5-4376-A066-2A32D752A2FF}</UniqueIdentifier>
      <Extensions>cpp;c;cc;cxx;def;odl;idl;hpj;bat;asm;asmx</Extensions>
    </Filter>
    <Filter Include="Header Files">
      <UniqueIdentifier>{93995380-89BD-4b04-88EB-625FBE52EBFB}</UniqueIdentifier>
      <Extensions>h;hh;hpp;hxx;hm;inl;inc;xsd</Extensions>
    </Filter>
    <Filter Include="Resource Files">
      <UniqueIdentifier>{67DA6AB6-F800-4c08-8B7A-83BB121AAD01}</UniqueIdentifier>
      <Extensions>rc;ico;cur;bmp;dlg;rc2;rct;bin;rgs;gif;jpg;jpeg;jpe;resx;tiff;tif;png;wav;mfcribbon-ms</Extensions>
    </Filter>
    <Filter Include="RBM">
      <UniqueIdentifier>{f3a6fde9-c34e-41cc-83ea-42a607731f8d}</UniqueIdentifier>
    </Filter>
    <Filter Include="Tests">
      <UniqueIdentifier>{baa4dd57-81ea-4109-9594-04288ea1811a}</UniqueIdentifier>
    </Filter>
    <Filter Include="Lattice">
      <UniqueIdentifier>{3d48b146-aa45-49a1-8967-af83c14a755f}</UniqueIdentifier>
    </Filter>
    <Filter Include="MonteCarlo">
      <UniqueIdentifier>{66c26b48-2265-4e3a-a7f9-db278dd60eea}</UniqueIdentifier>
    </Filter>
    <Filter Include="SymmetryGenerator">
      <UniqueIdentifier>{3a9a314f-49df-4a04-bb44-99e5e931cc5d}</UniqueIdentifier>
    </Filter>
    <Filter Include="RG">
      <UniqueIdentifier>{8b5a4a96-8bbd-4806-a402-1f2156df466c}</UniqueIdentifier>
    </Filter>
    <Filter Include="DBM">
      <UniqueIdentifier>{2530a207-5960-4cf5-bebc-f5fe152d9d0d}</UniqueIdentifier>
    </Filter>
    <Filter Include="ComputationTree">
      <UniqueIdentifier>{398e323f-3ad4-4ce2-9797-486be5856621}</UniqueIdentifier>
    </Filter>
    <Filter Include="ComputationTree\Nodes">
      <UniqueIdentifier>{3d72438f-2322-4228-ba99-b023aa10c841}</UniqueIdentifier>
    </Filter>
    <Filter Include="ComputationTree\HelperClasses">
      <UniqueIdentifier>{f21b211f-b6a3-4a15-9eb2-2ee5fd165efd}</UniqueIdentifier>
    </Filter>
    <Filter Include="ComputationTree\Nodes\Operations">
      <UniqueIdentifier>{ea186bf7-9681-4e1a-98f3-2b9cf7a792c6}</UniqueIdentifier>
    </Filter>
    <Filter Include="ComputationTree\Nodes\Optimizers">
      <UniqueIdentifier>{272a68ad-b851-476a-96a2-cb7f09805c08}</UniqueIdentifier>
    </Filter>
    <Filter Include="Phi4">
      <UniqueIdentifier>{a5251971-ba28-467d-983e-a3adb4dbf50d}</UniqueIdentifier>
    </Filter>
  </ItemGroup>
  <ItemGroup>
    <ClInclude Include="targetver.h">
      <Filter>Header Files</Filter>
    </ClInclude>
    <ClInclude Include="RBM.h">
      <Filter>RBM</Filter>
    </ClInclude>
    <ClInclude Include="..\CudaTest\LatticeObject.h">
      <Filter>Lattice</Filter>
    </ClInclude>
    <ClInclude Include="..\CudaTest\Ising1D.h">
      <Filter>MonteCarlo</Filter>
    </ClInclude>
    <ClInclude Include="MNISTTest.h">
      <Filter>Tests</Filter>
    </ClInclude>
    <ClInclude Include="MNISTData.h">
      <Filter>Tests</Filter>
    </ClInclude>
    <ClInclude Include="Symmetry.h">
      <Filter>SymmetryGenerator</Filter>
    </ClInclude>
    <ClInclude Include="TranslationSymmetry.h">
      <Filter>SymmetryGenerator</Filter>
    </ClInclude>
    <ClInclude Include="SymmetryCombination.h">
      <Filter>SymmetryGenerator</Filter>
    </ClInclude>
    <ClInclude Include="SymmetryTest.h">
      <Filter>Tests</Filter>
    </ClInclude>
    <ClInclude Include="AnalyticalTest.h">
      <Filter>Tests</Filter>
    </ClInclude>
    <ClInclude Include="RG.h">
      <Filter>Tests</Filter>
    </ClInclude>
    <ClInclude Include="DBMTest.h">
      <Filter>Tests</Filter>
    </ClInclude>
    <ClInclude Include="DBM.h">
      <Filter>DBM</Filter>
    </ClInclude>
    <ClInclude Include="Z2.h">
      <Filter>SymmetryGenerator</Filter>
    </ClInclude>
    <ClInclude Include="TIRBMTest.h">
      <Filter>Tests</Filter>
    </ClInclude>
    <ClInclude Include="CustomRBM.h">
      <Filter>Header Files</Filter>
    </ClInclude>
    <ClInclude Include="Session.h">
      <Filter>ComputationTree</Filter>
    </ClInclude>
    <ClInclude Include="Graph.h">
      <Filter>ComputationTree</Filter>
    </ClInclude>
    <ClInclude Include="Node.h">
      <Filter>ComputationTree\Nodes</Filter>
    </ClInclude>
    <ClInclude Include="Placeholder.h">
      <Filter>ComputationTree\Nodes</Filter>
    </ClInclude>
    <ClInclude Include="Operation.h">
      <Filter>ComputationTree\Nodes</Filter>
    </ClInclude>
    <ClInclude Include="Variable.h">
      <Filter>ComputationTree\Nodes</Filter>
    </ClInclude>
    <ClInclude Include="Storage.h">
      <Filter>ComputationTree\Nodes</Filter>
    </ClInclude>
    <ClInclude Include="Tensor.h">
      <Filter>ComputationTree\HelperClasses</Filter>
    </ClInclude>
    <ClInclude Include="Add.h">
      <Filter>ComputationTree\Nodes\Operations</Filter>
    </ClInclude>
    <ClInclude Include="OptPlaceholder.h">
      <Filter>ComputationTree\Nodes</Filter>
    </ClInclude>
    <ClInclude Include="Sigmoid.h">
      <Filter>ComputationTree\Nodes\Operations</Filter>
    </ClInclude>
    <ClInclude Include="TIRBM.h">
      <Filter>RBM</Filter>
    </ClInclude>
    <ClInclude Include="RGLayer.h">
      <Filter>ComputationTree\Nodes\Operations</Filter>
    </ClInclude>
    <ClInclude Include="ProbPooling.h">
      <Filter>ComputationTree\Nodes\Operations</Filter>
    </ClInclude>
    <ClInclude Include="RBMCompTree.h">
      <Filter>Header Files</Filter>
    </ClInclude>
    <ClInclude Include="ContrastiveDivergence.h">
      <Filter>ComputationTree\Nodes\Optimizers</Filter>
    </ClInclude>
    <ClInclude Include="RGFlowTest.h">
      <Filter>Header Files</Filter>
    </ClInclude>
    <ClInclude Include="ModCD.h">
      <Filter>ComputationTree\Nodes\Optimizers</Filter>
    </ClInclude>
    <ClInclude Include="CheatCD.h">
      <Filter>ComputationTree\Nodes\Optimizers</Filter>
    </ClInclude>
    <ClInclude Include="ErrorAnalysis.h">
      <Filter>Tests</Filter>
    </ClInclude>
    <ClInclude Include="Phi1D.h">
      <Filter>Phi4</Filter>
    </ClInclude>
    <ClInclude Include="Phi4Test.h">
      <Filter>Tests</Filter>
    </ClInclude>
    <ClInclude Include="RGFlowCont.h">
      <Filter>ComputationTree\Nodes\Operations</Filter>
    </ClInclude>
  </ItemGroup>
  <ItemGroup>
    <ClCompile Include="RBMCPU.cpp">
      <Filter>Source Files</Filter>
    </ClCompile>
    <ClCompile Include="RBM.cpp">
      <Filter>RBM</Filter>
    </ClCompile>
    <ClCompile Include="..\CudaTest\LatticeObject.cpp">
      <Filter>Lattice</Filter>
    </ClCompile>
    <ClCompile Include="..\CudaTest\Ising1D.cpp">
      <Filter>MonteCarlo</Filter>
    </ClCompile>
    <ClCompile Include="MNISTTest.cpp">
      <Filter>Tests</Filter>
    </ClCompile>
    <ClCompile Include="MNISTData.cpp">
      <Filter>Tests</Filter>
    </ClCompile>
    <ClCompile Include="TranslationSymmetry.cpp">
      <Filter>SymmetryGenerator</Filter>
    </ClCompile>
    <ClCompile Include="SymmetryCombination.cpp">
      <Filter>SymmetryGenerator</Filter>
    </ClCompile>
    <ClCompile Include="SymmetryTest.cpp">
      <Filter>Tests</Filter>
    </ClCompile>
    <ClCompile Include="AnalyticalTest.cpp">
      <Filter>Tests</Filter>
    </ClCompile>
    <ClCompile Include="RG.cpp">
      <Filter>Tests</Filter>
    </ClCompile>
    <ClCompile Include="DBM.cpp">
      <Filter>DBM</Filter>
    </ClCompile>
    <ClCompile Include="DBMTest.cpp">
      <Filter>Tests</Filter>
    </ClCompile>
    <ClCompile Include="Z2.cpp">
      <Filter>SymmetryGenerator</Filter>
    </ClCompile>
    <ClCompile Include="TIRBM.cpp">
      <Filter>RBM</Filter>
    </ClCompile>
    <ClCompile Include="TIRBMTest.cpp">
      <Filter>Tests</Filter>
    </ClCompile>
    <ClCompile Include="CustomRBM.cpp">
      <Filter>Source Files</Filter>
    </ClCompile>
    <ClCompile Include="Session.cpp">
      <Filter>ComputationTree</Filter>
    </ClCompile>
    <ClCompile Include="Graph.cpp">
      <Filter>ComputationTree</Filter>
    </ClCompile>
    <ClCompile Include="Node.cpp">
      <Filter>ComputationTree\Nodes</Filter>
    </ClCompile>
    <ClCompile Include="Placeholder.cpp">
      <Filter>ComputationTree\Nodes</Filter>
    </ClCompile>
    <ClCompile Include="Operation.cpp">
      <Filter>ComputationTree\Nodes</Filter>
    </ClCompile>
    <ClCompile Include="Variable.cpp">
      <Filter>ComputationTree\Nodes</Filter>
    </ClCompile>
    <ClCompile Include="Storage.cpp">
      <Filter>ComputationTree\Nodes</Filter>
    </ClCompile>
    <ClCompile Include="Tensor.cpp">
      <Filter>ComputationTree\HelperClasses</Filter>
    </ClCompile>
    <ClCompile Include="Add.cpp">
      <Filter>ComputationTree\Nodes\Operations</Filter>
    </ClCompile>
    <ClCompile Include="OptPlaceholder.cpp">
      <Filter>ComputationTree\Nodes</Filter>
    </ClCompile>
    <ClCompile Include="Sigmoid.cpp">
      <Filter>ComputationTree\Nodes\Operations</Filter>
    </ClCompile>
    <ClCompile Include="ProbPooling.cpp">
      <Filter>ComputationTree\Nodes\Operations</Filter>
    </ClCompile>
    <ClCompile Include="RGLayer.cpp">
      <Filter>ComputationTree\Nodes\Operations</Filter>
    </ClCompile>
    <ClCompile Include="RBMCompTree.cpp">
      <Filter>Source Files</Filter>
    </ClCompile>
    <ClCompile Include="ContrastiveDivergence.cpp">
      <Filter>ComputationTree\Nodes\Optimizers</Filter>
    </ClCompile>
    <ClCompile Include="RGFlowTest.cpp">
      <Filter>Source Files</Filter>
    </ClCompile>
    <ClCompile Include="ModCD.cpp">
      <Filter>ComputationTree\Nodes\Optimizers</Filter>
    </ClCompile>
    <ClCompile Include="CheatCD.cpp">
      <Filter>ComputationTree\Nodes\Optimizers</Filter>
    </ClCompile>
    <ClCompile Include="ErrorAnalysis.cpp">
      <Filter>Tests</Filter>
    </ClCompile>
    <ClCompile Include="Phi1D.cpp">
      <Filter>Phi4</Filter>
    </ClCompile>
    <ClCompile Include="Phi4Test.cpp">
      <Filter>Tests</Filter>
    </ClCompile>
    <ClCompile Include="RGFlowCont.cpp">
      <Filter>ComputationTree\Nodes\Operations</Filter>
    </ClCompile>
  </ItemGroup>
</Project>